
Microsoft Visual Studio Solution File, Format Version 12.00
# Visual Studio Version 17
VisualStudioVersion = 17.3.32929.385
MinimumVisualStudioVersion = 10.0.40219.1
Project("{FAE04EC0-301F-11D3-BF4B-00C04F79EFBC}") = "WpfAppPharmacy", "WpfAppPharmacy.csproj", "{B59C3388-B289-4DA6-A8F1-47A02AC7F5AD}"
EndProject
Global
	GlobalSection(SolutionConfigurationPlatforms) = preSolution
		Debug|Any CPU = Debug|Any CPU
		Release|Any CPU = Release|Any CPU
	EndGlobalSection
	GlobalSection(ProjectConfigurationPlatforms) = postSolution
		{B59C3388-B289-4DA6-A8F1-47A02AC7F5AD}.Debug|Any CPU.ActiveCfg = Debug|Any CPU
		{B59C3388-B289-4DA6-A8F1-47A02AC7F5AD}.Debug|Any CPU.Build.0 = Debug|Any CPU
		{B59C3388-B289-4DA6-A8F1-47A02AC7F5AD}.Release|Any CPU.ActiveCfg = Release|Any CPU
		{B59C3388-B289-4DA6-A8F1-47A02AC7F5AD}.Release|Any CPU.Build.0 = Release|Any CPU
	EndGlobalSection
	GlobalSection(SolutionProperties) = preSolution
		HideSolutionNode = FALSE
	EndGlobalSection
	GlobalSection(ExtensibilityGlobals) = postSolution
		SolutionGuid = {98D08053-7538-4F79-A872-030B0E632D23}
	EndGlobalSection
EndGlobal
